# @generated by Move, please check-in and do not edit manually.

[move]
version = 3
manifest_digest = "41C7C5462A0433BF11B6EF3DD29843C1D9856CC4BC337CEDB9EC350BCD37FB2B"
deps_digest = "CAFAD8A7CF51067FB4358215BECB86BD100DD64E57C2AC8A7AE7D74B688F5965"
dependencies = [
  { id = "Bridge", name = "Bridge" },
  { id = "CCIP_OFFRAMP", name = "CCIP_OFFRAMP" },
  { id = "CCIP_ONRAMP", name = "CCIP_ONRAMP" },
  { id = "ChainlinkCCIP", name = "ChainlinkCCIP" },
  { id = "MoveStdlib", name = "MoveStdlib" },
  { id = "Sui", name = "Sui" },
  { id = "SuiSystem", name = "SuiSystem" },
]

[[move.package]]
id = "Bridge"
source = { git = "https://github.com/MystenLabs/sui.git", rev = "d75fae3aa7fa3545b5803980a1e0c965b8bbf48e", subdir = "crates/sui-framework/packages/bridge" }

dependencies = [
  { id = "MoveStdlib", name = "MoveStdlib" },
  { id = "Sui", name = "Sui" },
  { id = "SuiSystem", name = "SuiSystem" },
]

[[move.package]]
id = "CCIP_OFFRAMP"
source = { local = "../ccip_offramp" }

dependencies = [
  { id = "Bridge", name = "Bridge" },
  { id = "ChainlinkCCIP", name = "ChainlinkCCIP" },
  { id = "MoveStdlib", name = "MoveStdlib" },
  { id = "Sui", name = "Sui" },
  { id = "SuiSystem", name = "SuiSystem" },
]

[[move.package]]
id = "CCIP_ONRAMP"
source = { local = "../ccip_onramp" }

dependencies = [
  { id = "Bridge", name = "Bridge" },
  { id = "ChainlinkCCIP", name = "ChainlinkCCIP" },
  { id = "MoveStdlib", name = "MoveStdlib" },
  { id = "Sui", name = "Sui" },
  { id = "SuiSystem", name = "SuiSystem" },
]

[[move.package]]
id = "ChainlinkCCIP"
source = { local = "../ccip" }

dependencies = [
  { id = "Bridge", name = "Bridge" },
  { id = "MoveStdlib", name = "MoveStdlib" },
  { id = "Sui", name = "Sui" },
  { id = "SuiSystem", name = "SuiSystem" },
]

[[move.package]]
id = "MoveStdlib"
source = { git = "https://github.com/MystenLabs/sui.git", rev = "d75fae3aa7fa3545b5803980a1e0c965b8bbf48e", subdir = "crates/sui-framework/packages/move-stdlib" }

[[move.package]]
id = "Sui"
source = { git = "https://github.com/MystenLabs/sui.git", rev = "d75fae3aa7fa3545b5803980a1e0c965b8bbf48e", subdir = "crates/sui-framework/packages/sui-framework" }

dependencies = [
  { id = "MoveStdlib", name = "MoveStdlib" },
]

[[move.package]]
id = "SuiSystem"
source = { git = "https://github.com/MystenLabs/sui.git", rev = "d75fae3aa7fa3545b5803980a1e0c965b8bbf48e", subdir = "crates/sui-framework/packages/sui-system" }

dependencies = [
  { id = "MoveStdlib", name = "MoveStdlib" },
  { id = "Sui", name = "Sui" },
]

[move.toolchain-version]
compiler-version = "1.60.0"
edition = "2024.beta"
flavor = "sui"

[env]

[env.testnet]
chain-id = "4c78adac"
original-published-id = "0x2fada702d9f67f74fd42fc437e237c74e674b2eb1a45577573f112605cf8fcfa"
latest-published-id = "0x2fada702d9f67f74fd42fc437e237c74e674b2eb1a45577573f112605cf8fcfa"
published-version = "1"
